hash: f926b2ef642f6d38427f0c368294ef8bc818cc846855f2ef6de9bbd427ba3121
updated: 2017-10-19T23:27:25.992494155-07:00
imports:
- name: github.com/facebookgo/inject
  version: cc1aa653e50f6a9893bcaef89e673e5b24e1e97b
- name: github.com/facebookgo/structtag
  version: 217e25fb96916cc60332e399c9aa63f5c422ceed
- name: go.uber.org/atomic
  version: 4e336646b2ef9fc6e47be8e21594178f98e5ebcf
- name: go.uber.org/dig
  version: f57771ac8fdc4c484fcd111a700659c6282e1509
- name: go.uber.org/fx
  version: a47f1657ce04f3d82db1ef230ffbb292b15af0ee
  subpackages:
  - internal/fxlog
  - internal/fxreflect
  - internal/lifecycle
- name: go.uber.org/multierr
  version: 3c4937480c32f4c13a875a1829af76c98ca3d40a
testImports: []
